
Microsoft Visual Studio Solution File, Format Version 12.00
# Visual Studio 15
VisualStudioVersion = 15.0.27130.2020
MinimumVisualStudioVersion = 10.0.40219.1
Project("{FAE04EC0-301F-11D3-BF4B-00C04F79EFBC}") = "LSevenHW", "LSevenHW\LSevenHW.csproj", "{32AA0A0E-556F-4A0C-834C-74C3F38AB501}"
EndProject
Global
	GlobalSection(SolutionConfigurationPlatforms) = preSolution
		Debug|Any CPU = Debug|Any CPU
		Release|Any CPU = Release|Any CPU
	EndGlobalSection
	GlobalSection(ProjectConfigurationPlatforms) = postSolution
		{32AA0A0E-556F-4A0C-834C-74C3F38AB501}.Debug|Any CPU.ActiveCfg = Debug|Any CPU
		{32AA0A0E-556F-4A0C-834C-74C3F38AB501}.Debug|Any CPU.Build.0 = Debug|Any CPU
		{32AA0A0E-556F-4A0C-834C-74C3F38AB501}.Release|Any CPU.ActiveCfg = Release|Any CPU
		{32AA0A0E-556F-4A0C-834C-74C3F38AB501}.Release|Any CPU.Build.0 = Release|Any CPU
	EndGlobalSection
	GlobalSection(SolutionProperties) = preSolution
		HideSolutionNode = FALSE
	EndGlobalSection
	GlobalSection(ExtensibilityGlobals) = postSolution
		SolutionGuid = {CCA77D9A-116C-46D4-8AB5-1C46E88B8A4C}
	EndGlobalSection
EndGlobal
