
Microsoft Visual Studio Solution File, Format Version 12.00
# Visual Studio 15
VisualStudioVersion = 15.0.27130.2020
MinimumVisualStudioVersion = 10.0.40219.1
Project("{FAE04EC0-301F-11D3-BF4B-00C04F79EFBC}") = "LSixHW", "LSixHW\LSixHW.csproj", "{32ADB506-C44C-4E84-BF4A-794226F19999}"
EndProject
Project("{FAE04EC0-301F-11D3-BF4B-00C04F79EFBC}") = "GB_Support", "GB_Support\GB_Support.csproj", "{A5A116A9-F32D-4E23-A10C-2D61F33D40FD}"
EndProject
Global
	GlobalSection(SolutionConfigurationPlatforms) = preSolution
		Debug|Any CPU = Debug|Any CPU
		Release|Any CPU = Release|Any CPU
	EndGlobalSection
	GlobalSection(ProjectConfigurationPlatforms) = postSolution
		{32ADB506-C44C-4E84-BF4A-794226F19999}.Debug|Any CPU.ActiveCfg = Debug|Any CPU
		{32ADB506-C44C-4E84-BF4A-794226F19999}.Debug|Any CPU.Build.0 = Debug|Any CPU
		{32ADB506-C44C-4E84-BF4A-794226F19999}.Release|Any CPU.ActiveCfg = Release|Any CPU
		{32ADB506-C44C-4E84-BF4A-794226F19999}.Release|Any CPU.Build.0 = Release|Any CPU
		{A5A116A9-F32D-4E23-A10C-2D61F33D40FD}.Debug|Any CPU.ActiveCfg = Debug|Any CPU
		{A5A116A9-F32D-4E23-A10C-2D61F33D40FD}.Debug|Any CPU.Build.0 = Debug|Any CPU
		{A5A116A9-F32D-4E23-A10C-2D61F33D40FD}.Release|Any CPU.ActiveCfg = Release|Any CPU
		{A5A116A9-F32D-4E23-A10C-2D61F33D40FD}.Release|Any CPU.Build.0 = Release|Any CPU
	EndGlobalSection
	GlobalSection(SolutionProperties) = preSolution
		HideSolutionNode = FALSE
	EndGlobalSection
	GlobalSection(ExtensibilityGlobals) = postSolution
		SolutionGuid = {DA91872B-BEE8-457E-B14C-D1D0BDF3B693}
	EndGlobalSection
EndGlobal
