
Microsoft Visual Studio Solution File, Format Version 12.00
# Visual Studio 15
VisualStudioVersion = 15.0.27130.2020
MinimumVisualStudioVersion = 10.0.40219.1
Project("{FAE04EC0-301F-11D3-BF4B-00C04F79EFBC}") = "BeliveOrNotBelive", "BeliveOrNotBelive\BeliveOrNotBelive.csproj", "{52E1DDE7-A60D-4F18-9056-2EF859A152BE}"
EndProject
Project("{FAE04EC0-301F-11D3-BF4B-00C04F79EFBC}") = "LogicLib", "LogicLib\LogicLib.csproj", "{75A3CB59-C31E-41A8-98E6-970F2A209349}"
EndProject
Project("{FAE04EC0-301F-11D3-BF4B-00C04F79EFBC}") = "Game", "Game\Game.csproj", "{14C8E49A-3E9F-4A8E-ABC7-72782A8B2CE9}"
EndProject
Global
	GlobalSection(SolutionConfigurationPlatforms) = preSolution
		Debug|Any CPU = Debug|Any CPU
		Release|Any CPU = Release|Any CPU
	EndGlobalSection
	GlobalSection(ProjectConfigurationPlatforms) = postSolution
		{52E1DDE7-A60D-4F18-9056-2EF859A152BE}.Debug|Any CPU.ActiveCfg = Debug|Any CPU
		{52E1DDE7-A60D-4F18-9056-2EF859A152BE}.Debug|Any CPU.Build.0 = Debug|Any CPU
		{52E1DDE7-A60D-4F18-9056-2EF859A152BE}.Release|Any CPU.ActiveCfg = Release|Any CPU
		{52E1DDE7-A60D-4F18-9056-2EF859A152BE}.Release|Any CPU.Build.0 = Release|Any CPU
		{75A3CB59-C31E-41A8-98E6-970F2A209349}.Debug|Any CPU.ActiveCfg = Debug|Any CPU
		{75A3CB59-C31E-41A8-98E6-970F2A209349}.Debug|Any CPU.Build.0 = Debug|Any CPU
		{75A3CB59-C31E-41A8-98E6-970F2A209349}.Release|Any CPU.ActiveCfg = Release|Any CPU
		{75A3CB59-C31E-41A8-98E6-970F2A209349}.Release|Any CPU.Build.0 = Release|Any CPU
		{14C8E49A-3E9F-4A8E-ABC7-72782A8B2CE9}.Debug|Any CPU.ActiveCfg = Debug|Any CPU
		{14C8E49A-3E9F-4A8E-ABC7-72782A8B2CE9}.Debug|Any CPU.Build.0 = Debug|Any CPU
		{14C8E49A-3E9F-4A8E-ABC7-72782A8B2CE9}.Release|Any CPU.ActiveCfg = Release|Any CPU
		{14C8E49A-3E9F-4A8E-ABC7-72782A8B2CE9}.Release|Any CPU.Build.0 = Release|Any CPU
	EndGlobalSection
	GlobalSection(SolutionProperties) = preSolution
		HideSolutionNode = FALSE
	EndGlobalSection
	GlobalSection(ExtensibilityGlobals) = postSolution
		SolutionGuid = {87244232-1211-4EDA-B193-7B82574C4631}
	EndGlobalSection
EndGlobal
