
Microsoft Visual Studio Solution File, Format Version 12.00
# Visual Studio 15
VisualStudioVersion = 15.0.27130.2020
MinimumVisualStudioVersion = 10.0.40219.1
Project("{FAE04EC0-301F-11D3-BF4B-00C04F79EFBC}") = "ServiceDesk", "ServiceDesk\ServiceDesk.csproj", "{821C0A99-FAFE-4FF2-8616-6C07F8EEB3CA}"
EndProject
Project("{FAE04EC0-301F-11D3-BF4B-00C04F79EFBC}") = "Models", "Models\Models.csproj", "{8E6D85EF-EAB7-4518-BF83-10DB63BE19FD}"
EndProject
Global
	GlobalSection(SolutionConfigurationPlatforms) = preSolution
		Debug|Any CPU = Debug|Any CPU
		Release|Any CPU = Release|Any CPU
	EndGlobalSection
	GlobalSection(ProjectConfigurationPlatforms) = postSolution
		{821C0A99-FAFE-4FF2-8616-6C07F8EEB3CA}.Debug|Any CPU.ActiveCfg = Debug|Any CPU
		{821C0A99-FAFE-4FF2-8616-6C07F8EEB3CA}.Debug|Any CPU.Build.0 = Debug|Any CPU
		{821C0A99-FAFE-4FF2-8616-6C07F8EEB3CA}.Release|Any CPU.ActiveCfg = Release|Any CPU
		{821C0A99-FAFE-4FF2-8616-6C07F8EEB3CA}.Release|Any CPU.Build.0 = Release|Any CPU
		{8E6D85EF-EAB7-4518-BF83-10DB63BE19FD}.Debug|Any CPU.ActiveCfg = Debug|Any CPU
		{8E6D85EF-EAB7-4518-BF83-10DB63BE19FD}.Debug|Any CPU.Build.0 = Debug|Any CPU
		{8E6D85EF-EAB7-4518-BF83-10DB63BE19FD}.Release|Any CPU.ActiveCfg = Release|Any CPU
		{8E6D85EF-EAB7-4518-BF83-10DB63BE19FD}.Release|Any CPU.Build.0 = Release|Any CPU
	EndGlobalSection
	GlobalSection(SolutionProperties) = preSolution
		HideSolutionNode = FALSE
	EndGlobalSection
	GlobalSection(ExtensibilityGlobals) = postSolution
		SolutionGuid = {C7A77E6E-090A-4B58-9B10-EEBCDAF1FA08}
	EndGlobalSection
EndGlobal
